
Microsoft Visual Studio Solution File, Format Version 12.00
# Visual Studio Version 16
VisualStudioVersion = 16.0.29920.165
MinimumVisualStudioVersion = 10.0.40219.1
Project("{FAE04EC0-301F-11D3-BF4B-00C04F79EFBC}") = "UsedVehicleDealerShip", "UsedVehicleDealerShip\UsedVehicleDealerShip.csproj", "{9BBCBD2C-E520-4D4C-BEFC-B020996E0740}"
EndProject
Global
	GlobalSection(SolutionConfigurationPlatforms) = preSolution
		Debug|Any CPU = Debug|Any CPU
		Release|Any CPU = Release|Any CPU
	EndGlobalSection
	GlobalSection(ProjectConfigurationPlatforms) = postSolution
		{9BBCBD2C-E520-4D4C-BEFC-B020996E0740}.Debug|Any CPU.ActiveCfg = Debug|Any CPU
		{9BBCBD2C-E520-4D4C-BEFC-B020996E0740}.Debug|Any CPU.Build.0 = Debug|Any CPU
		{9BBCBD2C-E520-4D4C-BEFC-B020996E0740}.Release|Any CPU.ActiveCfg = Release|Any CPU
		{9BBCBD2C-E520-4D4C-BEFC-B020996E0740}.Release|Any CPU.Build.0 = Release|Any CPU
	EndGlobalSection
	GlobalSection(SolutionProperties) = preSolution
		HideSolutionNode = FALSE
	EndGlobalSection
	GlobalSection(ExtensibilityGlobals) = postSolution
		SolutionGuid = {6E3F320B-FCD3-4139-BE06-D5B93C04596B}
	EndGlobalSection
EndGlobal
